
Microsoft Visual Studio Solution File, Format Version 12.00
# Visual Studio Version 17
VisualStudioVersion = 17.11.35222.181
MinimumVisualStudioVersion = 10.0.40219.1
Project("{FAE04EC0-301F-11D3-BF4B-00C04F79EFBC}") = "4_Contato", "4_Contato.csproj", "{BA340591-96E9-45F0-9394-F9A9C13FA707}"
EndProject
Global
	GlobalSection(SolutionConfigurationPlatforms) = preSolution
		Debug|Any CPU = Debug|Any CPU
		Release|Any CPU = Release|Any CPU
	EndGlobalSection
	GlobalSection(ProjectConfigurationPlatforms) = postSolution
		{BA340591-96E9-45F0-9394-F9A9C13FA707}.Debug|Any CPU.ActiveCfg = Debug|Any CPU
		{BA340591-96E9-45F0-9394-F9A9C13FA707}.Debug|Any CPU.Build.0 = Debug|Any CPU
		{BA340591-96E9-45F0-9394-F9A9C13FA707}.Release|Any CPU.ActiveCfg = Release|Any CPU
		{BA340591-96E9-45F0-9394-F9A9C13FA707}.Release|Any CPU.Build.0 = Release|Any CPU
	EndGlobalSection
	GlobalSection(SolutionProperties) = preSolution
		HideSolutionNode = FALSE
	EndGlobalSection
	GlobalSection(ExtensibilityGlobals) = postSolution
		SolutionGuid = {EBCDC99C-3CE9-4017-B2F0-8A11E02A5CBC}
	EndGlobalSection
EndGlobal
