
Microsoft Visual Studio Solution File, Format Version 12.00
# Visual Studio Version 17
VisualStudioVersion = 17.11.35431.28
MinimumVisualStudioVersion = 10.0.40219.1
Project("{FAE04EC0-301F-11D3-BF4B-00C04F79EFBC}") = "9_Transporte", "9_Transporte.csproj", "{0F8EC4B3-DB45-4A50-8A02-FD8434E28C77}"
EndProject
Global
	GlobalSection(SolutionConfigurationPlatforms) = preSolution
		Debug|Any CPU = Debug|Any CPU
		Release|Any CPU = Release|Any CPU
	EndGlobalSection
	GlobalSection(ProjectConfigurationPlatforms) = postSolution
		{0F8EC4B3-DB45-4A50-8A02-FD8434E28C77}.Debug|Any CPU.ActiveCfg = Debug|Any CPU
		{0F8EC4B3-DB45-4A50-8A02-FD8434E28C77}.Debug|Any CPU.Build.0 = Debug|Any CPU
		{0F8EC4B3-DB45-4A50-8A02-FD8434E28C77}.Release|Any CPU.ActiveCfg = Release|Any CPU
		{0F8EC4B3-DB45-4A50-8A02-FD8434E28C77}.Release|Any CPU.Build.0 = Release|Any CPU
	EndGlobalSection
	GlobalSection(SolutionProperties) = preSolution
		HideSolutionNode = FALSE
	EndGlobalSection
	GlobalSection(ExtensibilityGlobals) = postSolution
		SolutionGuid = {336A40AD-A3AF-48D6-9F35-AC2C81011512}
	EndGlobalSection
EndGlobal
